
Microsoft Visual Studio Solution File, Format Version 12.00
# Visual Studio 15
VisualStudioVersion = 15.0.27703.2035
MinimumVisualStudioVersion = 10.0.40219.1
Project("{FAE04EC0-301F-11D3-BF4B-00C04F79EFBC}") = "Ideation", "Ideation\Ideation.csproj", "{BF9746B2-60B7-4B18-B5A5-D00A218A4982}"
EndProject
Global
	GlobalSection(SolutionConfigurationPlatforms) = preSolution
		Debug|Any CPU = Debug|Any CPU
		Release|Any CPU = Release|Any CPU
	EndGlobalSection
	GlobalSection(ProjectConfigurationPlatforms) = postSolution
		{BF9746B2-60B7-4B18-B5A5-D00A218A4982}.Debug|Any CPU.ActiveCfg = Debug|Any CPU
		{BF9746B2-60B7-4B18-B5A5-D00A218A4982}.Debug|Any CPU.Build.0 = Debug|Any CPU
		{BF9746B2-60B7-4B18-B5A5-D00A218A4982}.Release|Any CPU.ActiveCfg = Release|Any CPU
		{BF9746B2-60B7-4B18-B5A5-D00A218A4982}.Release|Any CPU.Build.0 = Release|Any CPU
	EndGlobalSection
	GlobalSection(SolutionProperties) = preSolution
		HideSolutionNode = FALSE
	EndGlobalSection
	GlobalSection(ExtensibilityGlobals) = postSolution
		SolutionGuid = {9ECC1ED3-8843-4D5C-8A95-30A6E8C3C693}
	EndGlobalSection
EndGlobal
